
Microsoft Visual Studio Solution File, Format Version 12.00
# Visual Studio 15
VisualStudioVersion = 15.0.26730.8
MinimumVisualStudioVersion = 10.0.40219.1
Project("{FAE04EC0-301F-11D3-BF4B-00C04F79EFBC}") = "PolymorphismArchitecture", "PolymorphismArchitecture\PolymorphismArchitecture.csproj", "{B743FF18-7622-4105-89DD-89E93F43E073}"
EndProject
Global
	GlobalSection(SolutionConfigurationPlatforms) = preSolution
		Debug|Any CPU = Debug|Any CPU
		Release|Any CPU = Release|Any CPU
	EndGlobalSection
	GlobalSection(ProjectConfigurationPlatforms) = postSolution
		{B743FF18-7622-4105-89DD-89E93F43E073}.Debug|Any CPU.ActiveCfg = Debug|Any CPU
		{B743FF18-7622-4105-89DD-89E93F43E073}.Debug|Any CPU.Build.0 = Debug|Any CPU
		{B743FF18-7622-4105-89DD-89E93F43E073}.Release|Any CPU.ActiveCfg = Release|Any CPU
		{B743FF18-7622-4105-89DD-89E93F43E073}.Release|Any CPU.Build.0 = Release|Any CPU
	EndGlobalSection
	GlobalSection(SolutionProperties) = preSolution
		HideSolutionNode = FALSE
	EndGlobalSection
	GlobalSection(ExtensibilityGlobals) = postSolution
		SolutionGuid = {40304835-1227-41F6-B9B3-19B21E83C8F5}
	EndGlobalSection
EndGlobal
